
Microsoft Visual Studio Solution File, Format Version 12.00
# Visual Studio Version 17
VisualStudioVersion = 17.11.35327.3
MinimumVisualStudioVersion = 10.0.40219.1
Project("{2150E333-8FDC-42A3-9474-1A3956D46DE8}") = "Task0", "Task0", "{23AE3DDB-63B8-494F-B503-23C881895805}"
EndProject
Project("{9A19103F-16F7-4668-BE54-9A1E7A4F7556}") = "Tyuiu.ShanginAA.Sprint2.Task0.V1", "Tyuiu.ShanginAA.Sprint2.Task0.V1\Tyuiu.ShanginAA.Sprint2.Task0.V1.csproj", "{00847F36-1935-43A4-A60B-B9035F1CCFDA}"
EndProject
Project("{9A19103F-16F7-4668-BE54-9A1E7A4F7556}") = "Tyuiu.ShanginAA.Sprint2.Task0.V1.Lib", "Tyuiu.ShanginAA.Sprint2.Task0.V1.Lib\Tyuiu.ShanginAA.Sprint2.Task0.V1.Lib.csproj", "{A769284F-41AD-4026-BF70-11A9B5BA2F3E}"
EndProject
Project("{9A19103F-16F7-4668-BE54-9A1E7A4F7556}") = "Tyuiu.ShanginAA.Sprint2.Task0.V1.Test", "Tyuiu.ShanginAA.Sprint2.Task0.V1.Test\Tyuiu.ShanginAA.Sprint2.Task0.V1.Test.csproj", "{20D53F75-1346-48DB-950D-165AA6C885AE}"
EndProject
Project("{2150E333-8FDC-42A3-9474-1A3956D46DE8}") = "Task1", "Task1", "{3C7B6453-99BE-4B1D-9CCD-3557DBD8CC23}"
EndProject
Project("{9A19103F-16F7-4668-BE54-9A1E7A4F7556}") = "Tyuiu.ShanginAA.Sprint2.Task1.V22", "Tyuiu.ShanginAA.Sprint2.Task1.V22\Tyuiu.ShanginAA.Sprint2.Task1.V22.csproj", "{99269D02-12D6-4AC0-A2A6-60A3235870D9}"
EndProject
Project("{9A19103F-16F7-4668-BE54-9A1E7A4F7556}") = "Tyuiu.ShanginAA.Sprint2.Task1.V22.Lib", "Tyuiu.ShanginAA.Sprint2.Task1.V22.Lib\Tyuiu.ShanginAA.Sprint2.Task1.V22.Lib.csproj", "{063DA7AD-5721-4788-93A6-17EA4BE296E1}"
EndProject
Project("{9A19103F-16F7-4668-BE54-9A1E7A4F7556}") = "Tyuiu.ShanginAA.Sprint2.Task1.V22.Test", "Tyuiu.ShanginAA.Sprint2.Task1.V22.Test\Tyuiu.ShanginAA.Sprint2.Task1.V22.Test.csproj", "{F54EE221-A100-4356-BB29-A9B646A377B8}"
EndProject
Project("{2150E333-8FDC-42A3-9474-1A3956D46DE8}") = "Task2", "Task2", "{1F684294-2FBD-4C34-90BD-70C037999F85}"
EndProject
Project("{FAE04EC0-301F-11D3-BF4B-00C04F79EFBC}") = "Tyuiu.ShanginAA.Sprint2.Task2.V22", "Tyuiu.ShanginAA.Sprint2.Task2.V22\Tyuiu.ShanginAA.Sprint2.Task2.V22.csproj", "{78851462-F433-4209-B144-EAD2233FB684}"
EndProject
Project("{FAE04EC0-301F-11D3-BF4B-00C04F79EFBC}") = "Tyuiu.ShanginAA.Sprint2.Task2.V22.Lib", "Tyuiu.ShanginAA.Sprint2.Task2.V22.Lib\Tyuiu.ShanginAA.Sprint2.Task2.V22.Lib.csproj", "{375C59A7-C681-4B1E-A7C9-1F71CC5D0D6A}"
EndProject
Project("{FAE04EC0-301F-11D3-BF4B-00C04F79EFBC}") = "Tyuiu.ShanginAA.Sprint2.Task2.V22.Test", "Tyuiu.ShanginAA.Sprint2.Task2.V22.Test\Tyuiu.ShanginAA.Sprint2.Task2.V22.Test.csproj", "{B3319C7E-5CC1-463E-9A35-F07F06256E7B}"
EndProject
Global
	GlobalSection(SolutionConfigurationPlatforms) = preSolution
		Debug|Any CPU = Debug|Any CPU
		Release|Any CPU = Release|Any CPU
	EndGlobalSection
	GlobalSection(ProjectConfigurationPlatforms) = postSolution
		{00847F36-1935-43A4-A60B-B9035F1CCFDA}.Debug|Any CPU.ActiveCfg = Debug|Any CPU
		{00847F36-1935-43A4-A60B-B9035F1CCFDA}.Debug|Any CPU.Build.0 = Debug|Any CPU
		{00847F36-1935-43A4-A60B-B9035F1CCFDA}.Release|Any CPU.ActiveCfg = Release|Any CPU
		{00847F36-1935-43A4-A60B-B9035F1CCFDA}.Release|Any CPU.Build.0 = Release|Any CPU
		{A769284F-41AD-4026-BF70-11A9B5BA2F3E}.Debug|Any CPU.ActiveCfg = Debug|Any CPU
		{A769284F-41AD-4026-BF70-11A9B5BA2F3E}.Debug|Any CPU.Build.0 = Debug|Any CPU
		{A769284F-41AD-4026-BF70-11A9B5BA2F3E}.Release|Any CPU.ActiveCfg = Release|Any CPU
		{A769284F-41AD-4026-BF70-11A9B5BA2F3E}.Release|Any CPU.Build.0 = Release|Any CPU
		{20D53F75-1346-48DB-950D-165AA6C885AE}.Debug|Any CPU.ActiveCfg = Debug|Any CPU
		{20D53F75-1346-48DB-950D-165AA6C885AE}.Debug|Any CPU.Build.0 = Debug|Any CPU
		{20D53F75-1346-48DB-950D-165AA6C885AE}.Release|Any CPU.ActiveCfg = Release|Any CPU
		{20D53F75-1346-48DB-950D-165AA6C885AE}.Release|Any CPU.Build.0 = Release|Any CPU
		{99269D02-12D6-4AC0-A2A6-60A3235870D9}.Debug|Any CPU.ActiveCfg = Debug|Any CPU
		{99269D02-12D6-4AC0-A2A6-60A3235870D9}.Debug|Any CPU.Build.0 = Debug|Any CPU
		{99269D02-12D6-4AC0-A2A6-60A3235870D9}.Release|Any CPU.ActiveCfg = Release|Any CPU
		{99269D02-12D6-4AC0-A2A6-60A3235870D9}.Release|Any CPU.Build.0 = Release|Any CPU
		{063DA7AD-5721-4788-93A6-17EA4BE296E1}.Debug|Any CPU.ActiveCfg = Debug|Any CPU
		{063DA7AD-5721-4788-93A6-17EA4BE296E1}.Debug|Any CPU.Build.0 = Debug|Any CPU
		{063DA7AD-5721-4788-93A6-17EA4BE296E1}.Release|Any CPU.ActiveCfg = Release|Any CPU
		{063DA7AD-5721-4788-93A6-17EA4BE296E1}.Release|Any CPU.Build.0 = Release|Any CPU
		{F54EE221-A100-4356-BB29-A9B646A377B8}.Debug|Any CPU.ActiveCfg = Debug|Any CPU
		{F54EE221-A100-4356-BB29-A9B646A377B8}.Debug|Any CPU.Build.0 = Debug|Any CPU
		{F54EE221-A100-4356-BB29-A9B646A377B8}.Release|Any CPU.ActiveCfg = Release|Any CPU
		{F54EE221-A100-4356-BB29-A9B646A377B8}.Release|Any CPU.Build.0 = Release|Any CPU
		{78851462-F433-4209-B144-EAD2233FB684}.Debug|Any CPU.ActiveCfg = Debug|Any CPU
		{78851462-F433-4209-B144-EAD2233FB684}.Debug|Any CPU.Build.0 = Debug|Any CPU
		{78851462-F433-4209-B144-EAD2233FB684}.Release|Any CPU.ActiveCfg = Release|Any CPU
		{78851462-F433-4209-B144-EAD2233FB684}.Release|Any CPU.Build.0 = Release|Any CPU
		{375C59A7-C681-4B1E-A7C9-1F71CC5D0D6A}.Debug|Any CPU.ActiveCfg = Debug|Any CPU
		{375C59A7-C681-4B1E-A7C9-1F71CC5D0D6A}.Debug|Any CPU.Build.0 = Debug|Any CPU
		{375C59A7-C681-4B1E-A7C9-1F71CC5D0D6A}.Release|Any CPU.ActiveCfg = Release|Any CPU
		{375C59A7-C681-4B1E-A7C9-1F71CC5D0D6A}.Release|Any CPU.Build.0 = Release|Any CPU
		{B3319C7E-5CC1-463E-9A35-F07F06256E7B}.Debug|Any CPU.ActiveCfg = Debug|Any CPU
		{B3319C7E-5CC1-463E-9A35-F07F06256E7B}.Debug|Any CPU.Build.0 = Debug|Any CPU
		{B3319C7E-5CC1-463E-9A35-F07F06256E7B}.Release|Any CPU.ActiveCfg = Release|Any CPU
		{B3319C7E-5CC1-463E-9A35-F07F06256E7B}.Release|Any CPU.Build.0 = Release|Any CPU
	EndGlobalSection
	GlobalSection(SolutionProperties) = preSolution
		HideSolutionNode = FALSE
	EndGlobalSection
	GlobalSection(NestedProjects) = preSolution
		{00847F36-1935-43A4-A60B-B9035F1CCFDA} = {23AE3DDB-63B8-494F-B503-23C881895805}
		{A769284F-41AD-4026-BF70-11A9B5BA2F3E} = {23AE3DDB-63B8-494F-B503-23C881895805}
		{20D53F75-1346-48DB-950D-165AA6C885AE} = {23AE3DDB-63B8-494F-B503-23C881895805}
		{99269D02-12D6-4AC0-A2A6-60A3235870D9} = {3C7B6453-99BE-4B1D-9CCD-3557DBD8CC23}
		{063DA7AD-5721-4788-93A6-17EA4BE296E1} = {3C7B6453-99BE-4B1D-9CCD-3557DBD8CC23}
		{F54EE221-A100-4356-BB29-A9B646A377B8} = {3C7B6453-99BE-4B1D-9CCD-3557DBD8CC23}
		{78851462-F433-4209-B144-EAD2233FB684} = {1F684294-2FBD-4C34-90BD-70C037999F85}
		{375C59A7-C681-4B1E-A7C9-1F71CC5D0D6A} = {1F684294-2FBD-4C34-90BD-70C037999F85}
		{B3319C7E-5CC1-463E-9A35-F07F06256E7B} = {1F684294-2FBD-4C34-90BD-70C037999F85}
	EndGlobalSection
	GlobalSection(ExtensibilityGlobals) = postSolution
		SolutionGuid = {D0055294-3406-45FA-9E2F-69046BAAC935}
	EndGlobalSection
EndGlobal
