
Microsoft Visual Studio Solution File, Format Version 12.00
# Visual Studio Version 17
VisualStudioVersion = 17.11.35327.3
MinimumVisualStudioVersion = 10.0.40219.1
Project("{2150E333-8FDC-42A3-9474-1A3956D46DE8}") = "Task0", "Task0", "{23AE3DDB-63B8-494F-B503-23C881895805}"
EndProject
Project("{9A19103F-16F7-4668-BE54-9A1E7A4F7556}") = "Tyuiu.ShanginAA.Sprint2.Task0.V1", "Tyuiu.ShanginAA.Sprint2.Task0.V1\Tyuiu.ShanginAA.Sprint2.Task0.V1.csproj", "{00847F36-1935-43A4-A60B-B9035F1CCFDA}"
EndProject
Project("{9A19103F-16F7-4668-BE54-9A1E7A4F7556}") = "Tyuiu.ShanginAA.Sprint2.Task0.V1.Lib", "Tyuiu.ShanginAA.Sprint2.Task0.V1.Lib\Tyuiu.ShanginAA.Sprint2.Task0.V1.Lib.csproj", "{A769284F-41AD-4026-BF70-11A9B5BA2F3E}"
EndProject
Project("{9A19103F-16F7-4668-BE54-9A1E7A4F7556}") = "Tyuiu.ShanginAA.Sprint2.Task0.V1.Test", "Tyuiu.ShanginAA.Sprint2.Task0.V1.Test\Tyuiu.ShanginAA.Sprint2.Task0.V1.Test.csproj", "{20D53F75-1346-48DB-950D-165AA6C885AE}"
EndProject
Project("{2150E333-8FDC-42A3-9474-1A3956D46DE8}") = "Task1", "Task1", "{3C7B6453-99BE-4B1D-9CCD-3557DBD8CC23}"
EndProject
Project("{9A19103F-16F7-4668-BE54-9A1E7A4F7556}") = "Tyuiu.ShanginAA.Sprint2.Task1.V22", "Tyuiu.ShanginAA.Sprint2.Task1.V22\Tyuiu.ShanginAA.Sprint2.Task1.V22.csproj", "{99269D02-12D6-4AC0-A2A6-60A3235870D9}"
EndProject
Project("{9A19103F-16F7-4668-BE54-9A1E7A4F7556}") = "Tyuiu.ShanginAA.Sprint2.Task1.V22.Lib", "Tyuiu.ShanginAA.Sprint2.Task1.V22.Lib\Tyuiu.ShanginAA.Sprint2.Task1.V22.Lib.csproj", "{063DA7AD-5721-4788-93A6-17EA4BE296E1}"
EndProject
Project("{9A19103F-16F7-4668-BE54-9A1E7A4F7556}") = "Tyuiu.ShanginAA.Sprint2.Task1.V22.Test", "Tyuiu.ShanginAA.Sprint2.Task1.V22.Test\Tyuiu.ShanginAA.Sprint2.Task1.V22.Test.csproj", "{F54EE221-A100-4356-BB29-A9B646A377B8}"
EndProject
Project("{2150E333-8FDC-42A3-9474-1A3956D46DE8}") = "Task2", "Task2", "{1F684294-2FBD-4C34-90BD-70C037999F85}"
EndProject
Project("{9A19103F-16F7-4668-BE54-9A1E7A4F7556}") = "Tyuiu.ShanginAA.Sprint2.Task2.V22", "Tyuiu.ShanginAA.Sprint2.Task2.V22\Tyuiu.ShanginAA.Sprint2.Task2.V22.csproj", "{78851462-F433-4209-B144-EAD2233FB684}"
EndProject
Project("{9A19103F-16F7-4668-BE54-9A1E7A4F7556}") = "Tyuiu.ShanginAA.Sprint2.Task2.V22.Lib", "Tyuiu.ShanginAA.Sprint2.Task2.V22.Lib\Tyuiu.ShanginAA.Sprint2.Task2.V22.Lib.csproj", "{375C59A7-C681-4B1E-A7C9-1F71CC5D0D6A}"
EndProject
Project("{9A19103F-16F7-4668-BE54-9A1E7A4F7556}") = "Tyuiu.ShanginAA.Sprint2.Task2.V22.Test", "Tyuiu.ShanginAA.Sprint2.Task2.V22.Test\Tyuiu.ShanginAA.Sprint2.Task2.V22.Test.csproj", "{B3319C7E-5CC1-463E-9A35-F07F06256E7B}"
EndProject
Project("{2150E333-8FDC-42A3-9474-1A3956D46DE8}") = "Task3", "Task3", "{C1A50CA8-EC45-4B8D-90BB-CBF01C8A55C7}"
EndProject
Project("{FAE04EC0-301F-11D3-BF4B-00C04F79EFBC}") = "Tyuiu.ShanginAA.Sprint2.Task3.V28", "Tyuiu.ShanginAA.Sprint2.Task3.V28\Tyuiu.ShanginAA.Sprint2.Task3.V28.csproj", "{3022AD52-D8B9-41AF-BC6F-A6442F192153}"
EndProject
Project("{FAE04EC0-301F-11D3-BF4B-00C04F79EFBC}") = "Tyuiu.ShanginAA.Sprint2.Task3.V28.Lib", "Tyuiu.ShanginAA.Sprint2.Task3.V28.Lib\Tyuiu.ShanginAA.Sprint2.Task3.V28.Lib.csproj", "{90E13B01-4280-4E82-982F-22DCFE7FB33C}"
EndProject
Project("{FAE04EC0-301F-11D3-BF4B-00C04F79EFBC}") = "Tyuiu.ShanginAA.Sprint2.Task3.V28.Test", "Tyuiu.ShanginAA.Sprint2.Task3.V28.Test\Tyuiu.ShanginAA.Sprint2.Task3.V28.Test.csproj", "{4968B120-8CCC-48BF-A5B1-12CE4825FB0F}"
EndProject
Project("{2150E333-8FDC-42A3-9474-1A3956D46DE8}") = "Task4", "Task4", "{4D8BD38F-679F-4B82-A1A1-174D9DC2AC4A}"
EndProject
Project("{FAE04EC0-301F-11D3-BF4B-00C04F79EFBC}") = "Tyuiu.ShanginAA.Sprint2.Task4.V20", "Tyuiu.ShanginAA.Sprint2.Task4.V20\Tyuiu.ShanginAA.Sprint2.Task4.V20.csproj", "{41048284-71A5-41EC-AC18-15C8E2670959}"
EndProject
Project("{FAE04EC0-301F-11D3-BF4B-00C04F79EFBC}") = "Tyuiu.ShanginAA.Sprint2.Task4.V20.Lib", "Tyuiu.ShanginAA.Sprint2.Task4.V20.Lib\Tyuiu.ShanginAA.Sprint2.Task4.V20.Lib.csproj", "{76941B15-FD81-4395-853E-DB573189BAA7}"
EndProject
Project("{FAE04EC0-301F-11D3-BF4B-00C04F79EFBC}") = "Tyuiu.ShanginAA.Sprint2.Task4.V20.Test", "Tyuiu.ShanginAA.Sprint2.Task4.V20.Test\Tyuiu.ShanginAA.Sprint2.Task4.V20.Test.csproj", "{A5B20676-AD29-4ACB-B657-FB19DBE938A7}"
EndProject
Project("{2150E333-8FDC-42A3-9474-1A3956D46DE8}") = "Task5", "Task5", "{FC04F209-5652-468A-B169-A508762DD1F1}"
EndProject
Project("{FAE04EC0-301F-11D3-BF4B-00C04F79EFBC}") = "Tyuiu.ShanginAA.Sprint2.Task5.V7", "Tyuiu.ShanginAA.Sprint2.Task5.V7\Tyuiu.ShanginAA.Sprint2.Task5.V7.csproj", "{0F2B4BB5-2069-4F13-A4CF-6DD82FE5F2BA}"
EndProject
Project("{FAE04EC0-301F-11D3-BF4B-00C04F79EFBC}") = "Tyuiu.ShanginAA.Sprint2.Task5.V7.Lib", "Tyuiu.ShanginAA.Sprint2.Task5.V7.Lib\Tyuiu.ShanginAA.Sprint2.Task5.V7.Lib.csproj", "{60563D34-2A1E-402E-AB8F-C0C02C1554CF}"
EndProject
Project("{FAE04EC0-301F-11D3-BF4B-00C04F79EFBC}") = "Tyuiu.ShanginAA.Sprint2.Task5.V7.Test", "Tyuiu.ShanginAA.Sprint2.Task5.V7.Test\Tyuiu.ShanginAA.Sprint2.Task5.V7.Test.csproj", "{F4F8B8CB-6CF4-46CA-9444-6C4160AAE441}"
EndProject
Project("{2150E333-8FDC-42A3-9474-1A3956D46DE8}") = "Task6", "Task6", "{45B4244A-2E14-4997-BA08-60214E5874B6}"
EndProject
Project("{FAE04EC0-301F-11D3-BF4B-00C04F79EFBC}") = "Tyuiu.ShanginAA.Sprint2.Task6.V3", "Tyuiu.ShanginAA.Sprint2.Task6.V3\Tyuiu.ShanginAA.Sprint2.Task6.V3.csproj", "{95BBA49A-7F77-4766-99E4-2D34662CD17A}"
EndProject
Project("{FAE04EC0-301F-11D3-BF4B-00C04F79EFBC}") = "Tyuiu.ShanginAA.Sprint2.Task6.V3.Lib", "Tyuiu.ShanginAA.Sprint2.Task6.V3.Lib\Tyuiu.ShanginAA.Sprint2.Task6.V3.Lib.csproj", "{5F6EDB4E-348B-48C0-8905-E9F78B302C03}"
EndProject
Project("{FAE04EC0-301F-11D3-BF4B-00C04F79EFBC}") = "Tyuiu.ShanginAA.Sprint2.Task6.V3.Test", "Tyuiu.ShanginAA.Sprint2.Task6.V3.Test\Tyuiu.ShanginAA.Sprint2.Task6.V3.Test.csproj", "{7BC1B5F1-91D7-4632-B9EC-8CD6BAA14F4A}"
EndProject
Global
	GlobalSection(SolutionConfigurationPlatforms) = preSolution
		Debug|Any CPU = Debug|Any CPU
		Release|Any CPU = Release|Any CPU
	EndGlobalSection
	GlobalSection(ProjectConfigurationPlatforms) = postSolution
		{00847F36-1935-43A4-A60B-B9035F1CCFDA}.Debug|Any CPU.ActiveCfg = Debug|Any CPU
		{00847F36-1935-43A4-A60B-B9035F1CCFDA}.Debug|Any CPU.Build.0 = Debug|Any CPU
		{00847F36-1935-43A4-A60B-B9035F1CCFDA}.Release|Any CPU.ActiveCfg = Release|Any CPU
		{00847F36-1935-43A4-A60B-B9035F1CCFDA}.Release|Any CPU.Build.0 = Release|Any CPU
		{A769284F-41AD-4026-BF70-11A9B5BA2F3E}.Debug|Any CPU.ActiveCfg = Debug|Any CPU
		{A769284F-41AD-4026-BF70-11A9B5BA2F3E}.Debug|Any CPU.Build.0 = Debug|Any CPU
		{A769284F-41AD-4026-BF70-11A9B5BA2F3E}.Release|Any CPU.ActiveCfg = Release|Any CPU
		{A769284F-41AD-4026-BF70-11A9B5BA2F3E}.Release|Any CPU.Build.0 = Release|Any CPU
		{20D53F75-1346-48DB-950D-165AA6C885AE}.Debug|Any CPU.ActiveCfg = Debug|Any CPU
		{20D53F75-1346-48DB-950D-165AA6C885AE}.Debug|Any CPU.Build.0 = Debug|Any CPU
		{20D53F75-1346-48DB-950D-165AA6C885AE}.Release|Any CPU.ActiveCfg = Release|Any CPU
		{20D53F75-1346-48DB-950D-165AA6C885AE}.Release|Any CPU.Build.0 = Release|Any CPU
		{99269D02-12D6-4AC0-A2A6-60A3235870D9}.Debug|Any CPU.ActiveCfg = Debug|Any CPU
		{99269D02-12D6-4AC0-A2A6-60A3235870D9}.Debug|Any CPU.Build.0 = Debug|Any CPU
		{99269D02-12D6-4AC0-A2A6-60A3235870D9}.Release|Any CPU.ActiveCfg = Release|Any CPU
		{99269D02-12D6-4AC0-A2A6-60A3235870D9}.Release|Any CPU.Build.0 = Release|Any CPU
		{063DA7AD-5721-4788-93A6-17EA4BE296E1}.Debug|Any CPU.ActiveCfg = Debug|Any CPU
		{063DA7AD-5721-4788-93A6-17EA4BE296E1}.Debug|Any CPU.Build.0 = Debug|Any CPU
		{063DA7AD-5721-4788-93A6-17EA4BE296E1}.Release|Any CPU.ActiveCfg = Release|Any CPU
		{063DA7AD-5721-4788-93A6-17EA4BE296E1}.Release|Any CPU.Build.0 = Release|Any CPU
		{F54EE221-A100-4356-BB29-A9B646A377B8}.Debug|Any CPU.ActiveCfg = Debug|Any CPU
		{F54EE221-A100-4356-BB29-A9B646A377B8}.Debug|Any CPU.Build.0 = Debug|Any CPU
		{F54EE221-A100-4356-BB29-A9B646A377B8}.Release|Any CPU.ActiveCfg = Release|Any CPU
		{F54EE221-A100-4356-BB29-A9B646A377B8}.Release|Any CPU.Build.0 = Release|Any CPU
		{78851462-F433-4209-B144-EAD2233FB684}.Debug|Any CPU.ActiveCfg = Debug|Any CPU
		{78851462-F433-4209-B144-EAD2233FB684}.Debug|Any CPU.Build.0 = Debug|Any CPU
		{78851462-F433-4209-B144-EAD2233FB684}.Release|Any CPU.ActiveCfg = Release|Any CPU
		{78851462-F433-4209-B144-EAD2233FB684}.Release|Any CPU.Build.0 = Release|Any CPU
		{375C59A7-C681-4B1E-A7C9-1F71CC5D0D6A}.Debug|Any CPU.ActiveCfg = Debug|Any CPU
		{375C59A7-C681-4B1E-A7C9-1F71CC5D0D6A}.Debug|Any CPU.Build.0 = Debug|Any CPU
		{375C59A7-C681-4B1E-A7C9-1F71CC5D0D6A}.Release|Any CPU.ActiveCfg = Release|Any CPU
		{375C59A7-C681-4B1E-A7C9-1F71CC5D0D6A}.Release|Any CPU.Build.0 = Release|Any CPU
		{B3319C7E-5CC1-463E-9A35-F07F06256E7B}.Debug|Any CPU.ActiveCfg = Debug|Any CPU
		{B3319C7E-5CC1-463E-9A35-F07F06256E7B}.Debug|Any CPU.Build.0 = Debug|Any CPU
		{B3319C7E-5CC1-463E-9A35-F07F06256E7B}.Release|Any CPU.ActiveCfg = Release|Any CPU
		{B3319C7E-5CC1-463E-9A35-F07F06256E7B}.Release|Any CPU.Build.0 = Release|Any CPU
		{3022AD52-D8B9-41AF-BC6F-A6442F192153}.Debug|Any CPU.ActiveCfg = Debug|Any CPU
		{3022AD52-D8B9-41AF-BC6F-A6442F192153}.Debug|Any CPU.Build.0 = Debug|Any CPU
		{3022AD52-D8B9-41AF-BC6F-A6442F192153}.Release|Any CPU.ActiveCfg = Release|Any CPU
		{3022AD52-D8B9-41AF-BC6F-A6442F192153}.Release|Any CPU.Build.0 = Release|Any CPU
		{90E13B01-4280-4E82-982F-22DCFE7FB33C}.Debug|Any CPU.ActiveCfg = Debug|Any CPU
		{90E13B01-4280-4E82-982F-22DCFE7FB33C}.Debug|Any CPU.Build.0 = Debug|Any CPU
		{90E13B01-4280-4E82-982F-22DCFE7FB33C}.Release|Any CPU.ActiveCfg = Release|Any CPU
		{90E13B01-4280-4E82-982F-22DCFE7FB33C}.Release|Any CPU.Build.0 = Release|Any CPU
		{4968B120-8CCC-48BF-A5B1-12CE4825FB0F}.Debug|Any CPU.ActiveCfg = Debug|Any CPU
		{4968B120-8CCC-48BF-A5B1-12CE4825FB0F}.Debug|Any CPU.Build.0 = Debug|Any CPU
		{4968B120-8CCC-48BF-A5B1-12CE4825FB0F}.Release|Any CPU.ActiveCfg = Release|Any CPU
		{4968B120-8CCC-48BF-A5B1-12CE4825FB0F}.Release|Any CPU.Build.0 = Release|Any CPU
		{41048284-71A5-41EC-AC18-15C8E2670959}.Debug|Any CPU.ActiveCfg = Debug|Any CPU
		{41048284-71A5-41EC-AC18-15C8E2670959}.Debug|Any CPU.Build.0 = Debug|Any CPU
		{41048284-71A5-41EC-AC18-15C8E2670959}.Release|Any CPU.ActiveCfg = Release|Any CPU
		{41048284-71A5-41EC-AC18-15C8E2670959}.Release|Any CPU.Build.0 = Release|Any CPU
		{76941B15-FD81-4395-853E-DB573189BAA7}.Debug|Any CPU.ActiveCfg = Debug|Any CPU
		{76941B15-FD81-4395-853E-DB573189BAA7}.Debug|Any CPU.Build.0 = Debug|Any CPU
		{76941B15-FD81-4395-853E-DB573189BAA7}.Release|Any CPU.ActiveCfg = Release|Any CPU
		{76941B15-FD81-4395-853E-DB573189BAA7}.Release|Any CPU.Build.0 = Release|Any CPU
		{A5B20676-AD29-4ACB-B657-FB19DBE938A7}.Debug|Any CPU.ActiveCfg = Debug|Any CPU
		{A5B20676-AD29-4ACB-B657-FB19DBE938A7}.Debug|Any CPU.Build.0 = Debug|Any CPU
		{A5B20676-AD29-4ACB-B657-FB19DBE938A7}.Release|Any CPU.ActiveCfg = Release|Any CPU
		{A5B20676-AD29-4ACB-B657-FB19DBE938A7}.Release|Any CPU.Build.0 = Release|Any CPU
		{0F2B4BB5-2069-4F13-A4CF-6DD82FE5F2BA}.Debug|Any CPU.ActiveCfg = Debug|Any CPU
		{0F2B4BB5-2069-4F13-A4CF-6DD82FE5F2BA}.Debug|Any CPU.Build.0 = Debug|Any CPU
		{0F2B4BB5-2069-4F13-A4CF-6DD82FE5F2BA}.Release|Any CPU.ActiveCfg = Release|Any CPU
		{0F2B4BB5-2069-4F13-A4CF-6DD82FE5F2BA}.Release|Any CPU.Build.0 = Release|Any CPU
		{60563D34-2A1E-402E-AB8F-C0C02C1554CF}.Debug|Any CPU.ActiveCfg = Debug|Any CPU
		{60563D34-2A1E-402E-AB8F-C0C02C1554CF}.Debug|Any CPU.Build.0 = Debug|Any CPU
		{60563D34-2A1E-402E-AB8F-C0C02C1554CF}.Release|Any CPU.ActiveCfg = Release|Any CPU
		{60563D34-2A1E-402E-AB8F-C0C02C1554CF}.Release|Any CPU.Build.0 = Release|Any CPU
		{F4F8B8CB-6CF4-46CA-9444-6C4160AAE441}.Debug|Any CPU.ActiveCfg = Debug|Any CPU
		{F4F8B8CB-6CF4-46CA-9444-6C4160AAE441}.Debug|Any CPU.Build.0 = Debug|Any CPU
		{F4F8B8CB-6CF4-46CA-9444-6C4160AAE441}.Release|Any CPU.ActiveCfg = Release|Any CPU
		{F4F8B8CB-6CF4-46CA-9444-6C4160AAE441}.Release|Any CPU.Build.0 = Release|Any CPU
		{95BBA49A-7F77-4766-99E4-2D34662CD17A}.Debug|Any CPU.ActiveCfg = Debug|Any CPU
		{95BBA49A-7F77-4766-99E4-2D34662CD17A}.Debug|Any CPU.Build.0 = Debug|Any CPU
		{95BBA49A-7F77-4766-99E4-2D34662CD17A}.Release|Any CPU.ActiveCfg = Release|Any CPU
		{95BBA49A-7F77-4766-99E4-2D34662CD17A}.Release|Any CPU.Build.0 = Release|Any CPU
		{5F6EDB4E-348B-48C0-8905-E9F78B302C03}.Debug|Any CPU.ActiveCfg = Debug|Any CPU
		{5F6EDB4E-348B-48C0-8905-E9F78B302C03}.Debug|Any CPU.Build.0 = Debug|Any CPU
		{5F6EDB4E-348B-48C0-8905-E9F78B302C03}.Release|Any CPU.ActiveCfg = Release|Any CPU
		{5F6EDB4E-348B-48C0-8905-E9F78B302C03}.Release|Any CPU.Build.0 = Release|Any CPU
		{7BC1B5F1-91D7-4632-B9EC-8CD6BAA14F4A}.Debug|Any CPU.ActiveCfg = Debug|Any CPU
		{7BC1B5F1-91D7-4632-B9EC-8CD6BAA14F4A}.Debug|Any CPU.Build.0 = Debug|Any CPU
		{7BC1B5F1-91D7-4632-B9EC-8CD6BAA14F4A}.Release|Any CPU.ActiveCfg = Release|Any CPU
		{7BC1B5F1-91D7-4632-B9EC-8CD6BAA14F4A}.Release|Any CPU.Build.0 = Release|Any CPU
	EndGlobalSection
	GlobalSection(SolutionProperties) = preSolution
		HideSolutionNode = FALSE
	EndGlobalSection
	GlobalSection(NestedProjects) = preSolution
		{00847F36-1935-43A4-A60B-B9035F1CCFDA} = {23AE3DDB-63B8-494F-B503-23C881895805}
		{A769284F-41AD-4026-BF70-11A9B5BA2F3E} = {23AE3DDB-63B8-494F-B503-23C881895805}
		{20D53F75-1346-48DB-950D-165AA6C885AE} = {23AE3DDB-63B8-494F-B503-23C881895805}
		{99269D02-12D6-4AC0-A2A6-60A3235870D9} = {3C7B6453-99BE-4B1D-9CCD-3557DBD8CC23}
		{063DA7AD-5721-4788-93A6-17EA4BE296E1} = {3C7B6453-99BE-4B1D-9CCD-3557DBD8CC23}
		{F54EE221-A100-4356-BB29-A9B646A377B8} = {3C7B6453-99BE-4B1D-9CCD-3557DBD8CC23}
		{78851462-F433-4209-B144-EAD2233FB684} = {1F684294-2FBD-4C34-90BD-70C037999F85}
		{375C59A7-C681-4B1E-A7C9-1F71CC5D0D6A} = {1F684294-2FBD-4C34-90BD-70C037999F85}
		{B3319C7E-5CC1-463E-9A35-F07F06256E7B} = {1F684294-2FBD-4C34-90BD-70C037999F85}
		{3022AD52-D8B9-41AF-BC6F-A6442F192153} = {C1A50CA8-EC45-4B8D-90BB-CBF01C8A55C7}
		{90E13B01-4280-4E82-982F-22DCFE7FB33C} = {C1A50CA8-EC45-4B8D-90BB-CBF01C8A55C7}
		{4968B120-8CCC-48BF-A5B1-12CE4825FB0F} = {C1A50CA8-EC45-4B8D-90BB-CBF01C8A55C7}
		{41048284-71A5-41EC-AC18-15C8E2670959} = {4D8BD38F-679F-4B82-A1A1-174D9DC2AC4A}
		{76941B15-FD81-4395-853E-DB573189BAA7} = {4D8BD38F-679F-4B82-A1A1-174D9DC2AC4A}
		{A5B20676-AD29-4ACB-B657-FB19DBE938A7} = {4D8BD38F-679F-4B82-A1A1-174D9DC2AC4A}
		{0F2B4BB5-2069-4F13-A4CF-6DD82FE5F2BA} = {FC04F209-5652-468A-B169-A508762DD1F1}
		{60563D34-2A1E-402E-AB8F-C0C02C1554CF} = {FC04F209-5652-468A-B169-A508762DD1F1}
		{F4F8B8CB-6CF4-46CA-9444-6C4160AAE441} = {FC04F209-5652-468A-B169-A508762DD1F1}
		{95BBA49A-7F77-4766-99E4-2D34662CD17A} = {45B4244A-2E14-4997-BA08-60214E5874B6}
		{5F6EDB4E-348B-48C0-8905-E9F78B302C03} = {45B4244A-2E14-4997-BA08-60214E5874B6}
		{7BC1B5F1-91D7-4632-B9EC-8CD6BAA14F4A} = {45B4244A-2E14-4997-BA08-60214E5874B6}
	EndGlobalSection
	GlobalSection(ExtensibilityGlobals) = postSolution
		SolutionGuid = {D0055294-3406-45FA-9E2F-69046BAAC935}
	EndGlobalSection
EndGlobal
